
Microsoft Visual Studio Solution File, Format Version 12.00
# Visual Studio Version 17
VisualStudioVersion = 17.13.35825.156 d17.13
MinimumVisualStudioVersion = 10.0.40219.1
Project("{FAE04EC0-301F-11D3-BF4B-00C04F79EFBC}") = "Week03Homework", "Week03Homework\Week03Homework.csproj", "{34F462F3-2EF2-4C2E-B148-229C333713EE}"
EndProject
Global
	GlobalSection(SolutionConfigurationPlatforms) = preSolution
		Debug|Any CPU = Debug|Any CPU
		Release|Any CPU = Release|Any CPU
	EndGlobalSection
	GlobalSection(ProjectConfigurationPlatforms) = postSolution
		{34F462F3-2EF2-4C2E-B148-229C333713EE}.Debug|Any CPU.ActiveCfg = Debug|Any CPU
		{34F462F3-2EF2-4C2E-B148-229C333713EE}.Debug|Any CPU.Build.0 = Debug|Any CPU
		{34F462F3-2EF2-4C2E-B148-229C333713EE}.Release|Any CPU.ActiveCfg = Release|Any CPU
		{34F462F3-2EF2-4C2E-B148-229C333713EE}.Release|Any CPU.Build.0 = Release|Any CPU
	EndGlobalSection
	GlobalSection(SolutionProperties) = preSolution
		HideSolutionNode = FALSE
	EndGlobalSection
	GlobalSection(ExtensibilityGlobals) = postSolution
		SolutionGuid = {D38940FF-18A1-4463-BFA1-F0F9F4EDEDE2}
	EndGlobalSection
EndGlobal
