
Microsoft Visual Studio Solution File, Format Version 12.00
# Visual Studio Version 17
VisualStudioVersion = 17.13.35825.156
MinimumVisualStudioVersion = 10.0.40219.1
Project("{FAE04EC0-301F-11D3-BF4B-00C04F79EFBC}") = "FirstApp", "FirstApp\FirstApp.csproj", "{AFD17682-5937-4891-8956-7B05E094C733}"
EndProject
Project("{FAE04EC0-301F-11D3-BF4B-00C04F79EFBC}") = "FirstForm", "FirstForm\FirstForm.csproj", "{C2F23C8A-7C5B-4209-83DF-E48E8FF6345E}"
EndProject
Global
	GlobalSection(SolutionConfigurationPlatforms) = preSolution
		Debug|Any CPU = Debug|Any CPU
		Release|Any CPU = Release|Any CPU
	EndGlobalSection
	GlobalSection(ProjectConfigurationPlatforms) = postSolution
		{AFD17682-5937-4891-8956-7B05E094C733}.Debug|Any CPU.ActiveCfg = Debug|Any CPU
		{AFD17682-5937-4891-8956-7B05E094C733}.Debug|Any CPU.Build.0 = Debug|Any CPU
		{AFD17682-5937-4891-8956-7B05E094C733}.Release|Any CPU.ActiveCfg = Release|Any CPU
		{AFD17682-5937-4891-8956-7B05E094C733}.Release|Any CPU.Build.0 = Release|Any CPU
		{C2F23C8A-7C5B-4209-83DF-E48E8FF6345E}.Debug|Any CPU.ActiveCfg = Debug|Any CPU
		{C2F23C8A-7C5B-4209-83DF-E48E8FF6345E}.Debug|Any CPU.Build.0 = Debug|Any CPU
		{C2F23C8A-7C5B-4209-83DF-E48E8FF6345E}.Release|Any CPU.ActiveCfg = Release|Any CPU
		{C2F23C8A-7C5B-4209-83DF-E48E8FF6345E}.Release|Any CPU.Build.0 = Release|Any CPU
	EndGlobalSection
	GlobalSection(SolutionProperties) = preSolution
		HideSolutionNode = FALSE
	EndGlobalSection
	GlobalSection(ExtensibilityGlobals) = postSolution
		SolutionGuid = {5079F75C-419E-49C5-8E9C-DC354D08BD9F}
	EndGlobalSection
EndGlobal
